
Microsoft Visual Studio Solution File, Format Version 12.00
# Visual Studio Version 17
VisualStudioVersion = 17.11.35312.102
MinimumVisualStudioVersion = 10.0.40219.1
Project("{FAE04EC0-301F-11D3-BF4B-00C04F79EFBC}") = "FeatureFlagDemoWithAppConfig", "FeatureFlagDemoWithAppConfig\FeatureFlagDemoWithAppConfig.csproj", "{DD87C6A2-C6A5-4D9A-8758-29C692F88737}"
EndProject
Global
	GlobalSection(SolutionConfigurationPlatforms) = preSolution
		Debug|Any CPU = Debug|Any CPU
		Release|Any CPU = Release|Any CPU
	EndGlobalSection
	GlobalSection(ProjectConfigurationPlatforms) = postSolution
		{DD87C6A2-C6A5-4D9A-8758-29C692F88737}.Debug|Any CPU.ActiveCfg = Debug|Any CPU
		{DD87C6A2-C6A5-4D9A-8758-29C692F88737}.Debug|Any CPU.Build.0 = Debug|Any CPU
		{DD87C6A2-C6A5-4D9A-8758-29C692F88737}.Release|Any CPU.ActiveCfg = Release|Any CPU
		{DD87C6A2-C6A5-4D9A-8758-29C692F88737}.Release|Any CPU.Build.0 = Release|Any CPU
	EndGlobalSection
	GlobalSection(SolutionProperties) = preSolution
		HideSolutionNode = FALSE
	EndGlobalSection
	GlobalSection(ExtensibilityGlobals) = postSolution
		SolutionGuid = {6D1CEDFE-E44F-4F91-83EA-D34AA8618907}
	EndGlobalSection
EndGlobal
